{
  "version": 4,
  "terraform_version": "1.4.6",
  "serial": 13,
  "lineage": "e156a63c-0bdc-88c2-664a-98e0a9d2aad4",
  "outputs": {
    "vpc-id": {
      "value": "vpc-0a5f8740b67d3ca9e",
      "type": "string"
    }
  },
  "resources": [
    {
      "mode": "managed",
      "type": "aws_vpc",
      "name": "demo-vpc",
      "provider": "provider[\"registry.terraform.io/hashicorp/aws\"]",
      "instances": [
        {
          "schema_version": 1,
          "attributes": {
            "arn": "arn:aws:ec2:us-east-2:704321698784:vpc/vpc-0a5f8740b67d3ca9e",
            "assign_generated_ipv6_cidr_block": false,
            "cidr_block": "192.168.0.0/16",
            "default_network_acl_id": "acl-05b628a94fb5a1141",
            "default_route_table_id": "rtb-017c25573922c04c2",
            "default_security_group_id": "sg-0d0e645bf968e1bfb",
            "dhcp_options_id": "dopt-095df968d3663f119",
            "enable_dns_hostnames": false,
            "enable_dns_support": true,
            "enable_network_address_usage_metrics": false,
            "id": "vpc-0a5f8740b67d3ca9e",
            "instance_tenancy": "default",
            "ipv4_ipam_pool_id": null,
            "ipv4_netmask_length": null,
            "ipv6_association_id": "",
            "ipv6_cidr_block": "",
            "ipv6_cidr_block_network_border_group": "",
            "ipv6_ipam_pool_id": "",
            "ipv6_netmask_length": 0,
            "main_route_table_id": "rtb-017c25573922c04c2",
            "owner_id": "704321698784",
            "tags": {
              "Name": "dev-vpc"
            },
            "tags_all": {
              "Name": "dev-vpc"
            }
          },
          "sensitive_attributes": [],
          "private": "eyJzY2hlbWFfdmVyc2lvbiI6IjEifQ=="
        }
      ]
    }
  ],
  "check_results": null
}
